
Microsoft Visual Studio Solution File, Format Version 12.00
# Visual Studio 15
VisualStudioVersion = 15.0.27130.2010
MinimumVisualStudioVersion = 10.0.40219.1
Project("{FAE04EC0-301F-11D3-BF4B-00C04F79EFBC}") = "Asteroid", "MyGame\Asteroid.csproj", "{CB3D6A39-9E81-4903-AD15-EBD814D76F5A}"
EndProject
Global
	GlobalSection(SolutionConfigurationPlatforms) = preSolution
		Debug|Any CPU = Debug|Any CPU
		Release|Any CPU = Release|Any CPU
	EndGlobalSection
	GlobalSection(ProjectConfigurationPlatforms) = postSolution
		{CB3D6A39-9E81-4903-AD15-EBD814D76F5A}.Debug|Any CPU.ActiveCfg = Debug|Any CPU
		{CB3D6A39-9E81-4903-AD15-EBD814D76F5A}.Debug|Any CPU.Build.0 = Debug|Any CPU
		{CB3D6A39-9E81-4903-AD15-EBD814D76F5A}.Release|Any CPU.ActiveCfg = Release|Any CPU
		{CB3D6A39-9E81-4903-AD15-EBD814D76F5A}.Release|Any CPU.Build.0 = Release|Any CPU
	EndGlobalSection
	GlobalSection(SolutionProperties) = preSolution
		HideSolutionNode = FALSE
	EndGlobalSection
	GlobalSection(ExtensibilityGlobals) = postSolution
		SolutionGuid = {21A7CC8D-43E5-489A-94D2-7F5854849017}
	EndGlobalSection
EndGlobal
